
Microsoft Visual Studio Solution File, Format Version 12.00
# Visual Studio Version 16
VisualStudioVersion = 16.0.29709.97
MinimumVisualStudioVersion = 10.0.40219.1
Project("{FAE04EC0-301F-11D3-BF4B-00C04F79EFBC}") = "DemoFunction", "DemoFunction\DemoFunction.csproj", "{71083517-E4A7-478B-9306-9B130767EE87}"
EndProject
Project("{FAE04EC0-301F-11D3-BF4B-00C04F79EFBC}") = "SpecFlowTests", "SpecFlowTests\SpecFlowTests.csproj", "{D98B2857-5C27-4934-B124-8DEEB728E61F}"
EndProject
Global
	GlobalSection(SolutionConfigurationPlatforms) = preSolution
		Debug|Any CPU = Debug|Any CPU
		Release|Any CPU = Release|Any CPU
	EndGlobalSection
	GlobalSection(ProjectConfigurationPlatforms) = postSolution
		{71083517-E4A7-478B-9306-9B130767EE87}.Debug|Any CPU.ActiveCfg = Debug|Any CPU
		{71083517-E4A7-478B-9306-9B130767EE87}.Debug|Any CPU.Build.0 = Debug|Any CPU
		{71083517-E4A7-478B-9306-9B130767EE87}.Release|Any CPU.ActiveCfg = Release|Any CPU
		{71083517-E4A7-478B-9306-9B130767EE87}.Release|Any CPU.Build.0 = Release|Any CPU
		{D98B2857-5C27-4934-B124-8DEEB728E61F}.Debug|Any CPU.ActiveCfg = Debug|Any CPU
		{D98B2857-5C27-4934-B124-8DEEB728E61F}.Debug|Any CPU.Build.0 = Debug|Any CPU
		{D98B2857-5C27-4934-B124-8DEEB728E61F}.Release|Any CPU.ActiveCfg = Release|Any CPU
		{D98B2857-5C27-4934-B124-8DEEB728E61F}.Release|Any CPU.Build.0 = Release|Any CPU
	EndGlobalSection
	GlobalSection(SolutionProperties) = preSolution
		HideSolutionNode = FALSE
	EndGlobalSection
	GlobalSection(ExtensibilityGlobals) = postSolution
		SolutionGuid = {F02651A9-AC2B-4751-A2D4-37AD3BB6B4F4}
	EndGlobalSection
EndGlobal
